
Microsoft Visual Studio Solution File, Format Version 12.00
# Visual Studio Version 17
VisualStudioVersion = 17.3.32901.215
MinimumVisualStudioVersion = 10.0.40219.1
Project("{9A19103F-16F7-4668-BE54-9A1E7A4F7556}") = "Lesson1", "Lesson1\Lesson1.csproj", "{8567288C-0CD1-4A96-9CD6-CE818D20359A}"
EndProject
Project("{9A19103F-16F7-4668-BE54-9A1E7A4F7556}") = "TicTacToe", "TicTacToe\TicTacToe.csproj", "{236EBDAD-A900-4628-BAEF-CC3ECDFAD815}"
EndProject
Project("{9A19103F-16F7-4668-BE54-9A1E7A4F7556}") = "Lesson4", "Lesson4\Lesson4.csproj", "{68D741AF-7487-400A-93A6-79CBFE844B52}"
EndProject
Project("{9A19103F-16F7-4668-BE54-9A1E7A4F7556}") = "Phonebook", "Phonebook\Phonebook.csproj", "{E902B46B-8CD6-4693-80E4-DE5835144960}"
EndProject
Project("{9A19103F-16F7-4668-BE54-9A1E7A4F7556}") = "Animal", "Animal\Animal.csproj", "{512A13A7-7751-4208-B1D5-1C20AE355A70}"
EndProject
Project("{9A19103F-16F7-4668-BE54-9A1E7A4F7556}") = "List", "List\List.csproj", "{77F7B3F2-E09C-4E76-9398-BFC830451BD0}"
EndProject
Project("{FAE04EC0-301F-11D3-BF4B-00C04F79EFBC}") = "Exeption", "Exeption\Exeption.csproj", "{AEA26689-A23D-42B3-9081-EBC93EA4CE09}"
EndProject
Global
	GlobalSection(SolutionConfigurationPlatforms) = preSolution
		Debug|Any CPU = Debug|Any CPU
		Release|Any CPU = Release|Any CPU
	EndGlobalSection
	GlobalSection(ProjectConfigurationPlatforms) = postSolution
		{8567288C-0CD1-4A96-9CD6-CE818D20359A}.Debug|Any CPU.ActiveCfg = Debug|Any CPU
		{8567288C-0CD1-4A96-9CD6-CE818D20359A}.Debug|Any CPU.Build.0 = Debug|Any CPU
		{8567288C-0CD1-4A96-9CD6-CE818D20359A}.Release|Any CPU.ActiveCfg = Release|Any CPU
		{8567288C-0CD1-4A96-9CD6-CE818D20359A}.Release|Any CPU.Build.0 = Release|Any CPU
		{236EBDAD-A900-4628-BAEF-CC3ECDFAD815}.Debug|Any CPU.ActiveCfg = Debug|Any CPU
		{236EBDAD-A900-4628-BAEF-CC3ECDFAD815}.Debug|Any CPU.Build.0 = Debug|Any CPU
		{236EBDAD-A900-4628-BAEF-CC3ECDFAD815}.Release|Any CPU.ActiveCfg = Release|Any CPU
		{236EBDAD-A900-4628-BAEF-CC3ECDFAD815}.Release|Any CPU.Build.0 = Release|Any CPU
		{68D741AF-7487-400A-93A6-79CBFE844B52}.Debug|Any CPU.ActiveCfg = Debug|Any CPU
		{68D741AF-7487-400A-93A6-79CBFE844B52}.Debug|Any CPU.Build.0 = Debug|Any CPU
		{68D741AF-7487-400A-93A6-79CBFE844B52}.Release|Any CPU.ActiveCfg = Release|Any CPU
		{68D741AF-7487-400A-93A6-79CBFE844B52}.Release|Any CPU.Build.0 = Release|Any CPU
		{E902B46B-8CD6-4693-80E4-DE5835144960}.Debug|Any CPU.ActiveCfg = Debug|Any CPU
		{E902B46B-8CD6-4693-80E4-DE5835144960}.Debug|Any CPU.Build.0 = Debug|Any CPU
		{E902B46B-8CD6-4693-80E4-DE5835144960}.Release|Any CPU.ActiveCfg = Release|Any CPU
		{E902B46B-8CD6-4693-80E4-DE5835144960}.Release|Any CPU.Build.0 = Release|Any CPU
		{512A13A7-7751-4208-B1D5-1C20AE355A70}.Debug|Any CPU.ActiveCfg = Debug|Any CPU
		{512A13A7-7751-4208-B1D5-1C20AE355A70}.Debug|Any CPU.Build.0 = Debug|Any CPU
		{512A13A7-7751-4208-B1D5-1C20AE355A70}.Release|Any CPU.ActiveCfg = Release|Any CPU
		{512A13A7-7751-4208-B1D5-1C20AE355A70}.Release|Any CPU.Build.0 = Release|Any CPU
		{77F7B3F2-E09C-4E76-9398-BFC830451BD0}.Debug|Any CPU.ActiveCfg = Debug|Any CPU
		{77F7B3F2-E09C-4E76-9398-BFC830451BD0}.Debug|Any CPU.Build.0 = Debug|Any CPU
		{77F7B3F2-E09C-4E76-9398-BFC830451BD0}.Release|Any CPU.ActiveCfg = Release|Any CPU
		{77F7B3F2-E09C-4E76-9398-BFC830451BD0}.Release|Any CPU.Build.0 = Release|Any CPU
		{AEA26689-A23D-42B3-9081-EBC93EA4CE09}.Debug|Any CPU.ActiveCfg = Debug|Any CPU
		{AEA26689-A23D-42B3-9081-EBC93EA4CE09}.Debug|Any CPU.Build.0 = Debug|Any CPU
		{AEA26689-A23D-42B3-9081-EBC93EA4CE09}.Release|Any CPU.ActiveCfg = Release|Any CPU
		{AEA26689-A23D-42B3-9081-EBC93EA4CE09}.Release|Any CPU.Build.0 = Release|Any CPU
	EndGlobalSection
	GlobalSection(SolutionProperties) = preSolution
		HideSolutionNode = FALSE
	EndGlobalSection
	GlobalSection(ExtensibilityGlobals) = postSolution
		SolutionGuid = {0D3A2559-EA54-40AE-AF79-6B2E8CEE7796}
	EndGlobalSection
EndGlobal
